
Microsoft Visual Studio Solution File, Format Version 12.00
# Visual Studio Version 17
VisualStudioVersion = 17.10.35013.160
MinimumVisualStudioVersion = 10.0.40219.1
Project("{FAE04EC0-301F-11D3-BF4B-00C04F79EFBC}") = "Proxy-Trabalho", "Proxy-Trabalho.csproj", "{802440B9-76C1-441F-B085-DC9C48F57F04}"
EndProject
Global
	GlobalSection(SolutionConfigurationPlatforms) = preSolution
		Debug|Any CPU = Debug|Any CPU
		Release|Any CPU = Release|Any CPU
	EndGlobalSection
	GlobalSection(ProjectConfigurationPlatforms) = postSolution
		{802440B9-76C1-441F-B085-DC9C48F57F04}.Debug|Any CPU.ActiveCfg = Debug|Any CPU
		{802440B9-76C1-441F-B085-DC9C48F57F04}.Debug|Any CPU.Build.0 = Debug|Any CPU
		{802440B9-76C1-441F-B085-DC9C48F57F04}.Release|Any CPU.ActiveCfg = Release|Any CPU
		{802440B9-76C1-441F-B085-DC9C48F57F04}.Release|Any CPU.Build.0 = Release|Any CPU
	EndGlobalSection
	GlobalSection(SolutionProperties) = preSolution
		HideSolutionNode = FALSE
	EndGlobalSection
	GlobalSection(ExtensibilityGlobals) = postSolution
		SolutionGuid = {B3692F06-F401-47DF-9553-14FC1625CD8A}
	EndGlobalSection
EndGlobal
